
Microsoft Visual Studio Solution File, Format Version 12.00
# Visual Studio 15
VisualStudioVersion = 15.0.28307.645
MinimumVisualStudioVersion = 10.0.40219.1
Project("{D2ABAB84-BF74-430A-B69E-9DC6D40DDA17}") = "cubordv", "cubordv\cubordv.dwproj", "{448D28BB-954C-49DE-A4FF-C55D8CEACC87}"
EndProject
Global
	GlobalSection(SolutionConfigurationPlatforms) = preSolution
		Development|Default = Development|Default
	EndGlobalSection
	GlobalSection(ProjectConfigurationPlatforms) = postSolution
		{448D28BB-954C-49DE-A4FF-C55D8CEACC87}.Development|Default.ActiveCfg = Development
		{448D28BB-954C-49DE-A4FF-C55D8CEACC87}.Development|Default.Build.0 = Development
		{448D28BB-954C-49DE-A4FF-C55D8CEACC87}.Development|Default.Deploy.0 = Development
	EndGlobalSection
	GlobalSection(SolutionProperties) = preSolution
		HideSolutionNode = FALSE
	EndGlobalSection
	GlobalSection(ExtensibilityGlobals) = postSolution
		SolutionGuid = {186E4B58-A3C0-48D3-9478-365A71899E91}
	EndGlobalSection
EndGlobal
